// !$*UTF8*$!
{
	archiveVersion = 1;
	classes = {
	};
	objectVersion = 46;
	objects = {

/* Begin PBXBuildFile section */
		816696BA1C430938001203F1 /* CoffeePlace.m in Sources */ = {isa = PBXBuildFile; fileRef = 816696B91C430938001203F1 /* CoffeePlace.m */; };
		816696C01C437E79001203F1 /* DetailViewController.m in Sources */ = {isa = PBXBuildFile; fileRef = 816696BF1C437E79001203F1 /* DetailViewController.m */; };
		81EE24831C41DEDA00284385 /* main.m in Sources */ = {isa = PBXBuildFile; fileRef = 81EE24821C41DEDA00284385 /* main.m */; };
		81EE24861C41DEDA00284385 /* AppDelegate.m in Sources */ = {isa = PBXBuildFile; fileRef = 81EE24851C41DEDA00284385 /* AppDelegate.m */; };
		81EE248C1C41DEDA00284385 /* Main.storyboard in Resources */ = {isa = PBXBuildFile; fileRef = 81EE248A1C41DEDA00284385 /* Main.storyboard */; };
		81EE248E1C41DEDA00284385 /* Assets.xcassets in Resources */ = {isa = PBXBuildFile; fileRef = 81EE248D1C41DEDA00284385 /* Assets.xcassets */; };
		81EE24911C41DEDA00284385 /* LaunchScreen.storyboard in Resources */ = {isa = PBXBuildFile; fileRef = 81EE248F1C41DEDA00284385 /* LaunchScreen.storyboard */; };
		81EE249C1C41DEDA00284385 /* CoffeeFindrTests.m in Sources */ = {isa = PBXBuildFile; fileRef = 81EE249B1C41DEDA00284385 /* CoffeeFindrTests.m */; };
		81EE24A71C41DEDA00284385 /* CoffeeFindrUITests.m in Sources */ = {isa = PBXBuildFile; fileRef = 81EE24A61C41DEDA00284385 /* CoffeeFindrUITests.m */; };
		81EE24B91C41E13600284385 /* ListViewController.m in Sources */ = {isa = PBXBuildFile; fileRef = 81EE24B81C41E13600284385 /* ListViewController.m */; };
		81EE24BB1C41E19900284385 /* MapKit.framework in Frameworks */ = {isa = PBXBuildFile; fileRef = 81EE24BA1C41E19900284385 /* MapKit.framework */; };
		81EE24BD1C41E1A000284385 /* CoreLocation.framework in Frameworks */ = {isa = PBXBuildFile; fileRef = 81EE24BC1C41E1A000284385 /* CoreLocation.framework */; };
/* End PBXBuildFile section */

/* Begin PBXContainerItemProxy section */
		81EE24981C41DEDA00284385 /* PBXContainerItemProxy */ = {
			isa = PBXContainerItemProxy;
			containerPortal = 81EE24761C41DEDA00284385 /* Project object */;
			proxyType = 1;
			remoteGlobalIDString = 81EE247D1C41DEDA00284385;
			remoteInfo = CoffeeFindr;
		};
		81EE24A31C41DEDA00284385 /* PBXContainerItemProxy */ = {
			isa = PBXContainerItemProxy;
			containerPortal = 81EE24761C41DEDA00284385 /* Project object */;
			proxyType = 1;
			remoteGlobalIDString = 81EE247D1C41DEDA00284385;
			remoteInfo = CoffeeFindr;
		};
/* End PBXContainerItemProxy section */

/* Begin PBXFileReference section */
		816696B81C430938001203F1 /* CoffeePlace.h */ = {isa = PBXFileReference; fileEncoding = 4; lastKnownFileType = sourcecode.c.h; path = CoffeePlace.h; sourceTree = "<group>"; };
		816696B91C430938001203F1 /* CoffeePlace.m */ = {isa = PBXFileReference; fileEncoding = 4; lastKnownFileType = sourcecode.c.objc; path = CoffeePlace.m; sourceTree = "<group>"; };
		816696BE1C437E79001203F1 /* DetailViewController.h */ = {isa = PBXFileReference; fileEncoding = 4; lastKnownFileType = sourcecode.c.h; path = DetailViewController.h; sourceTree = "<group>"; };
		816696BF1C437E79001203F1 /* DetailViewController.m */ = {isa = PBXFileReference; fileEncoding = 4; lastKnownFileType = sourcecode.c.objc; path = DetailViewController.m; sourceTree = "<group>"; };
		81EE247E1C41DEDA00284385 /* CoffeeFindr.app */ = {isa = PBXFileReference; explicitFileType = wrapper.application; includeInIndex = 0; path = CoffeeFindr.app; sourceTree = BUILT_PRODUCTS_DIR; };
		81EE24821C41DEDA00284385 /* main.m */ = {isa = PBXFileReference; lastKnownFileType = sourcecode.c.objc; path = main.m; sourceTree = "<group>"; };
		81EE24841C41DEDA00284385 /* AppDelegate.h */ = {isa = PBXFileReference; lastKnownFileType = sourcecode.c.h; path = AppDelegate.h; sourceTree = "<group>"; };
		81EE24851C41DEDA00284385 /* AppDelegate.m */ = {isa = PBXFileReference; lastKnownFileType = sourcecode.c.objc; path = AppDelegate.m; sourceTree = "<group>"; };
		81EE248B1C41DEDA00284385 /* Base */ = {isa = PBXFileReference; lastKnownFileType = file.storyboard; name = Base; path = Base.lproj/Main.storyboard; sourceTree = "<group>"; };
		81EE248D1C41DEDA00284385 /* Assets.xcassets */ = {isa = PBXFileReference; lastKnownFileType = folder.assetcatalog; path = Assets.xcassets; sourceTree = "<group>"; };
		81EE24901C41DEDA00284385 /* Base */ = {isa = PBXFileReference; lastKnownFileType = file.storyboard; name = Base; path = Base.lproj/LaunchScreen.storyboard; sourceTree = "<group>"; };
		81EE24921C41DEDA00284385 /* Info.plist */ = {isa = PBXFileReference; lastKnownFileType = text.plist.xml; path = Info.plist; sourceTree = "<group>"; };
		81EE24971C41DEDA00284385 /* CoffeeFindrTests.xctest */ = {isa = PBXFileReference; explicitFileType = wrapper.cfbundle; includeInIndex = 0; path = CoffeeFindrTests.xctest; sourceTree = BUILT_PRODUCTS_DIR; };
		81EE249B1C41DEDA00284385 /* CoffeeFindrTests.m */ = {isa = PBXFileReference; lastKnownFileType = sourcecode.c.objc; path = CoffeeFindrTests.m; sourceTree = "<group>"; };
		81EE249D1C41DEDA00284385 /* Info.plist */ = {isa = PBXFileReference; lastKnownFileType = text.plist.xml; path = Info.plist; sourceTree = "<group>"; };
		81EE24A21C41DEDA00284385 /* CoffeeFindrUITests.xctest */ = {isa = PBXFileReference; explicitFileType = wrapper.cfbundle; includeInIndex = 0; path = CoffeeFindrUITests.xctest; sourceTree = BUILT_PRODUCTS_DIR; };
		81EE24A61C41DEDA00284385 /* CoffeeFindrUITests.m */ = {isa = PBXFileReference; lastKnownFileType = sourcecode.c.objc; path = CoffeeFindrUITests.m; sourceTree = "<group>"; };
		81EE24A81C41DEDA00284385 /* Info.plist */ = {isa = PBXFileReference; lastKnownFileType = text.plist.xml; path = Info.plist; sourceTree = "<group>"; };
		81EE24B71C41E13600284385 /* ListViewController.h */ = {isa = PBXFileReference; fileEncoding = 4; lastKnownFileType = sourcecode.c.h; name = ListViewController.h; path = ../ListViewController.h; sourceTree = "<group>"; };
		81EE24B81C41E13600284385 /* ListViewController.m */ = {isa = PBXFileReference; fileEncoding = 4; lastKnownFileType = sourcecode.c.objc; name = ListViewController.m; path = ../ListViewController.m; sourceTree = "<group>"; };
		81EE24BA1C41E19900284385 /* MapKit.framework */ = {isa = PBXFileReference; lastKnownFileType = wrapper.framework; name = MapKit.framework; path = System/Library/Frameworks/MapKit.framework; sourceTree = SDKROOT; };
		81EE24BC1C41E1A000284385 /* CoreLocation.framework */ = {isa = PBXFileReference; lastKnownFileType = wrapper.framework; name = CoreLocation.framework; path = System/Library/Frameworks/CoreLocation.framework; sourceTree = SDKROOT; };
/* End PBXFileReference section */

/* Begin PBXFrameworksBuildPhase section */
		81EE247B1C41DEDA00284385 /* Frameworks */ = {
			isa = PBXFrameworksBuildPhase;
			buildActionMask = 2147483647;
			files = (
				81EE24BD1C41E1A000284385 /* CoreLocation.framework in Frameworks */,
				81EE24BB1C41E19900284385 /* MapKit.framework in Frameworks */,
			);
			runOnlyForDeploymentPostprocessing = 0;
		};
		81EE24941C41DEDA00284385 /* Frameworks */ = {
			isa = PBXFrameworksBuildPhase;
			buildActionMask = 2147483647;
			files = (
			);
			runOnlyForDeploymentPostprocessing = 0;
		};
		81EE249F1C41DEDA00284385 /* Frameworks */ = {
			isa = PBXFrameworksBuildPhase;
			buildActionMask = 2147483647;
			files = (
			);
			runOnlyForDeploymentPostprocessing = 0;
		};
/* End PBXFrameworksBuildPhase section */

/* Begin PBXGroup section */
		81EE24751C41DEDA00284385 = {
			isa = PBXGroup;
			children = (
				81EE24BC1C41E1A000284385 /* CoreLocation.framework */,
				81EE24BA1C41E19900284385 /* MapKit.framework */,
				81EE24801C41DEDA00284385 /* CoffeeFindr */,
				81EE249A1C41DEDA00284385 /* CoffeeFindrTests */,
				81EE24A51C41DEDA00284385 /* CoffeeFindrUITests */,
				81EE247F1C41DEDA00284385 /* Products */,
			);
			sourceTree = "<group>";
		};
		81EE247F1C41DEDA00284385 /* Products */ = {
			isa = PBXGroup;
			children = (
				81EE247E1C41DEDA00284385 /* CoffeeFindr.app */,
				81EE24971C41DEDA00284385 /* CoffeeFindrTests.xctest */,
				81EE24A21C41DEDA00284385 /* CoffeeFindrUITests.xctest */,
			);
			name = Products;
			sourceTree = "<group>";
		};
		81EE24801C41DEDA00284385 /* CoffeeFindr */ = {
			isa = PBXGroup;
			children = (
				81EE24841C41DEDA00284385 /* AppDelegate.h */,
				81EE24851C41DEDA00284385 /* AppDelegate.m */,
				81EE24B71C41E13600284385 /* ListViewController.h */,
				81EE24B81C41E13600284385 /* ListViewController.m */,
				816696B81C430938001203F1 /* CoffeePlace.h */,
				816696BE1C437E79001203F1 /* DetailViewController.h */,
				816696BF1C437E79001203F1 /* DetailViewController.m */,
				816696B91C430938001203F1 /* CoffeePlace.m */,
				81EE248A1C41DEDA00284385 /* Main.storyboard */,
				81EE248D1C41DEDA00284385 /* Assets.xcassets */,
				81EE248F1C41DEDA00284385 /* LaunchScreen.storyboard */,
				81EE24921C41DEDA00284385 /* Info.plist */,
				81EE24811C41DEDA00284385 /* Supporting Files */,
			);
			path = CoffeeFindr;
			sourceTree = "<group>";
		};
		81EE24811C41DEDA00284385 /* Supporting Files */ = {
			isa = PBXGroup;
			children = (
				81EE24821C41DEDA00284385 /* main.m */,
			);
			name = "Supporting Files";
			sourceTree = "<group>";
		};
		81EE249A1C41DEDA00284385 /* CoffeeFindrTests */ = {
			isa = PBXGroup;
			children = (
				81EE249B1C41DEDA00284385 /* CoffeeFindrTests.m */,
				81EE249D1C41DEDA00284385 /* Info.plist */,
			);
			path = CoffeeFindrTests;
			sourceTree = "<group>";
		};
		81EE24A51C41DEDA00284385 /* CoffeeFindrUITests */ = {
			isa = PBXGroup;
			children = (
				81EE24A61C41DEDA00284385 /* CoffeeFindrUITests.m */,
				81EE24A81C41DEDA00284385 /* Info.plist */,
			);
			path = CoffeeFindrUITests;
			sourceTree = "<group>";
		};
/* End PBXGroup section */

/* Begin PBXNativeTarget section */
		81EE247D1C41DEDA00284385 /* CoffeeFindr */ = {
			isa = PBXNativeTarget;
			buildConfigurationList = 81EE24AB1C41DEDA00284385 /* Build configuration list for PBXNativeTarget "CoffeeFindr" */;
			buildPhases = (
				81EE247A1C41DEDA00284385 /* Sources */,
				81EE247B1C41DEDA00284385 /* Frameworks */,
				81EE247C1C41DEDA00284385 /* Resources */,
			);
			buildRules = (
			);
			dependencies = (
			);
			name = CoffeeFindr;
			productName = CoffeeFindr;
			productReference = 81EE247E1C41DEDA00284385 /* CoffeeFindr.app */;
			productType = "com.apple.product-type.application";
		};
		81EE24961C41DEDA00284385 /* CoffeeFindrTests */ = {
			isa = PBXNativeTarget;
			buildConfigurationList = 81EE24AE1C41DEDA00284385 /* Build configuration list for PBXNativeTarget "CoffeeFindrTests" */;
			buildPhases = (
				81EE24931C41DEDA00284385 /* Sources */,
				81EE24941C41DEDA00284385 /* Frameworks */,
				81EE24951C41DEDA00284385 /* Resources */,
			);
			buildRules = (
			);
			dependencies = (
				81EE24991C41DEDA00284385 /* PBXTargetDependency */,
			);
			name = CoffeeFindrTests;
			productName = CoffeeFindrTests;
			productReference = 81EE24971C41DEDA00284385 /* CoffeeFindrTests.xctest */;
			productType = "com.apple.product-type.bundle.unit-test";
		};
		81EE24A11C41DEDA00284385 /* CoffeeFindrUITests */ = {
			isa = PBXNativeTarget;
			buildConfigurationList = 81EE24B11C41DEDA00284385 /* Build configuration list for PBXNativeTarget "CoffeeFindrUITests" */;
			buildPhases = (
				81EE249E1C41DEDA00284385 /* Sources */,
				81EE249F1C41DEDA00284385 /* Frameworks */,
				81EE24A01C41DEDA00284385 /* Resources */,
			);
			buildRules = (
			);
			dependencies = (
				81EE24A41C41DEDA00284385 /* PBXTargetDependency */,
			);
			name = CoffeeFindrUITests;
			productName = CoffeeFindrUITests;
			productReference = 81EE24A21C41DEDA00284385 /* CoffeeFindrUITests.xctest */;
			productType = "com.apple.product-type.bundle.ui-testing";
		};
/* End PBXNativeTarget section */

/* Begin PBXProject section */
		81EE24761C41DEDA00284385 /* Project object */ = {
			isa = PBXProject;
			attributes = {
				LastUpgradeCheck = 0720;
				ORGANIZATIONNAME = NoNonsense;
				TargetAttributes = {
					81EE247D1C41DEDA00284385 = {
						CreatedOnToolsVersion = 7.2;
					};
					81EE24961C41DEDA00284385 = {
						CreatedOnToolsVersion = 7.2;
						TestTargetID = 81EE247D1C41DEDA00284385;
					};
					81EE24A11C41DEDA00284385 = {
						CreatedOnToolsVersion = 7.2;
						TestTargetID = 81EE247D1C41DEDA00284385;
					};
				};
			};
			buildConfigurationList = 81EE24791C41DEDA00284385 /* Build configuration list for PBXProject "CoffeeFindr" */;
			compatibilityVersion = "Xcode 3.2";
			developmentRegion = English;
			hasScannedForEncodings = 0;
			knownRegions = (
				en,
				Base,
			);
			mainGroup = 81EE24751C41DEDA00284385;
			productRefGroup = 81EE247F1C41DEDA00284385 /* Products */;
			projectDirPath = "";
			projectRoot = "";
			targets = (
				81EE247D1C41DEDA00284385 /* CoffeeFindr */,
				81EE24961C41DEDA00284385 /* CoffeeFindrTests */,
				81EE24A11C41DEDA00284385 /* CoffeeFindrUITests */,
			);
		};
/* End PBXProject section */

/* Begin PBXResourcesBuildPhase section */
		81EE247C1C41DEDA00284385 /* Resources */ = {
			isa = PBXResourcesBuildPhase;
			buildActionMask = 2147483647;
			files = (
				81EE24911C41DEDA00284385 /* LaunchScreen.storyboard in Resources */,
				81EE248E1C41DEDA00284385 /* Assets.xcassets in Resources */,
				81EE248C1C41DEDA00284385 /* Main.storyboard in Resources */,
			);
			runOnlyForDeploymentPostprocessing = 0;
		};
		81EE24951C41DEDA00284385 /* Resources */ = {
			isa = PBXResourcesBuildPhase;
			buildActionMask = 2147483647;
			files = (
			);
			runOnlyForDeploymentPostprocessing = 0;
		};
		81EE24A01C41DEDA00284385 /* Resources */ = {
			isa = PBXResourcesBuildPhase;
			buildActionMask = 2147483647;
			files = (
			);
			runOnlyForDeploymentPostprocessing = 0;
		};
/* End PBXResourcesBuildPhase section */

/* Begin PBXSourcesBuildPhase section */
		81EE247A1C41DEDA00284385 /* Sources */ = {
			isa = PBXSourcesBuildPhase;
			buildActionMask = 2147483647;
			files = (
				816696C01C437E79001203F1 /* DetailViewController.m in Sources */,
				81EE24861C41DEDA00284385 /* AppDelegate.m in Sources */,
				816696BA1C430938001203F1 /* CoffeePlace.m in Sources */,
				81EE24831C41DEDA00284385 /* main.m in Sources */,
				81EE24B91C41E13600284385 /* ListViewController.m in Sources */,
			);
			runOnlyForDeploymentPostprocessing = 0;
		};
		81EE24931C41DEDA00284385 /* Sources */ = {
			isa = PBXSourcesBuildPhase;
			buildActionMask = 2147483647;
			files = (
				81EE249C1C41DEDA00284385 /* CoffeeFindrTests.m in Sources */,
			);
			runOnlyForDeploymentPostprocessing = 0;
		};
		81EE249E1C41DEDA00284385 /* Sources */ = {
			isa = PBXSourcesBuildPhase;
			buildActionMask = 2147483647;
			files = (
				81EE24A71C41DEDA00284385 /* CoffeeFindrUITests.m in Sources */,
			);
			runOnlyForDeploymentPostprocessing = 0;
		};
/* End PBXSourcesBuildPhase section */

/* Begin PBXTargetDependency section */
		81EE24991C41DEDA00284385 /* PBXTargetDependency */ = {
			isa = PBXTargetDependency;
			target = 81EE247D1C41DEDA00284385 /* CoffeeFindr */;
			targetProxy = 81EE24981C41DEDA00284385 /* PBXContainerItemProxy */;
		};
		81EE24A41C41DEDA00284385 /* PBXTargetDependency */ = {
			isa = PBXTargetDependency;
			target = 81EE247D1C41DEDA00284385 /* CoffeeFindr */;
			targetProxy = 81EE24A31C41DEDA00284385 /* PBXContainerItemProxy */;
		};
/* End PBXTargetDependency section */

/* Begin PBXVariantGroup section */
		81EE248A1C41DEDA00284385 /* Main.storyboard */ = {
			isa = PBXVariantGroup;
			children = (
				81EE248B1C41DEDA00284385 /* Base */,
			);
			name = Main.storyboard;
			sourceTree = "<group>";
		};
		81EE248F1C41DEDA00284385 /* LaunchScreen.storyboard */ = {
			isa = PBXVariantGroup;
			children = (
				81EE24901C41DEDA00284385 /* Base */,
			);
			name = LaunchScreen.storyboard;
			sourceTree = "<group>";
		};
/* End PBXVariantGroup section */

/* Begin XCBuildConfiguration section */
		81EE24A91C41DEDA00284385 /* Debug */ = {
			isa = XCBuildConfiguration;
			buildSettings = {
				ALWAYS_SEARCH_USER_PATHS = NO;
				CLANG_CXX_LANGUAGE_STANDARD = "gnu++0x";
				CLANG_CXX_LIBRARY = "libc++";
				CLANG_ENABLE_MODULES = YES;
				CLANG_ENABLE_OBJC_ARC = YES;
				CLANG_WARN_BOOL_CONVERSION = YES;
				CLANG_WARN_CONSTANT_CONVERSION = YES;
				CLANG_WARN_DIRECT_OBJC_ISA_USAGE = YES_ERROR;
				CLANG_WARN_EMPTY_BODY = YES;
				CLANG_WARN_ENUM_CONVERSION = YES;
				CLANG_WARN_INT_CONVERSION = YES;
				CLANG_WARN_OBJC_ROOT_CLASS = YES_ERROR;
				CLANG_WARN_UNREACHABLE_CODE = YES;
				CLANG_WARN__DUPLICATE_METHOD_MATCH = YES;
				"CODE_SIGN_IDENTITY[sdk=iphoneos*]" = "iPhone Developer";
				COPY_PHASE_STRIP = NO;
				DEBUG_INFORMATION_FORMAT = dwarf;
				ENABLE_STRICT_OBJC_MSGSEND = YES;
				ENABLE_TESTABILITY = YES;
				GCC_C_LANGUAGE_STANDARD = gnu99;
				GCC_DYNAMIC_NO_PIC = NO;
				GCC_NO_COMMON_BLOCKS = YES;
				GCC_OPTIMIZATION_LEVEL = 0;
				GCC_PREPROCESSOR_DEFINITIONS = (
					"DEBUG=1",
					"$(inherited)",
				);
				GCC_WARN_64_TO_32_BIT_CONVERSION = YES;
				GCC_WARN_ABOUT_RETURN_TYPE = YES_ERROR;
				GCC_WARN_UNDECLARED_SELECTOR = YES;
				GCC_WARN_UNINITIALIZED_AUTOS = YES_AGGRESSIVE;
				GCC_WARN_UNUSED_FUNCTION = YES;
				GCC_WARN_UNUSED_VARIABLE = YES;
				IPHONEOS_DEPLOYMENT_TARGET = 9.2;
				MTL_ENABLE_DEBUG_INFO = YES;
				ONLY_ACTIVE_ARCH = YES;
				SDKROOT = iphoneos;
				TARGETED_DEVICE_FAMILY = "1,2";
			};
			name = Debug;
		};
		81EE24AA1C41DEDA00284385 /* Release */ = {
			isa = XCBuildConfiguration;
			buildSettings = {
				ALWAYS_SEARCH_USER_PATHS = NO;
				CLANG_CXX_LANGUAGE_STANDARD = "gnu++0x";
				CLANG_CXX_LIBRARY = "libc++";
				CLANG_ENABLE_MODULES = YES;
				CLANG_ENABLE_OBJC_ARC = YES;
				CLANG_WARN_BOOL_CONVERSION = YES;
				CLANG_WARN_CONSTANT_CONVERSION = YES;
				CLANG_WARN_DIRECT_OBJC_ISA_USAGE = YES_ERROR;
				CLANG_WARN_EMPTY_BODY = YES;
				CLANG_WARN_ENUM_CONVERSION = YES;
				CLANG_WARN_INT_CONVERSION = YES;
				CLANG_WARN_OBJC_ROOT_CLASS = YES_ERROR;
				CLANG_WARN_UNREACHABLE_CODE = YES;
				CLANG_WARN__DUPLICATE_METHOD_MATCH = YES;
				"CODE_SIGN_IDENTITY[sdk=iphoneos*]" = "iPhone Developer";
				COPY_PHASE_STRIP = NO;
				DEBUG_INFORMATION_FORMAT = "dwarf-with-dsym";
				ENABLE_NS_ASSERTIONS = NO;
				ENABLE_STRICT_OBJC_MSGSEND = YES;
				GCC_C_LANGUAGE_STANDARD = gnu99;
				GCC_NO_COMMON_BLOCKS = YES;
				GCC_WARN_64_TO_32_BIT_CONVERSION = YES;
				GCC_WARN_ABOUT_RETURN_TYPE = YES_ERROR;
				GCC_WARN_UNDECLARED_SELECTOR = YES;
				GCC_WARN_UNINITIALIZED_AUTOS = YES_AGGRESSIVE;
				GCC_WARN_UNUSED_FUNCTION = YES;
				GCC_WARN_UNUSED_VARIABLE = YES;
				IPHONEOS_DEPLOYMENT_TARGET = 9.2;
				MTL_ENABLE_DEBUG_INFO = NO;
				SDKROOT = iphoneos;
				TARGETED_DEVICE_FAMILY = "1,2";
				VALIDATE_PRODUCT = YES;
			};
			name = Release;
		};
		81EE24AC1C41DEDA00284385 /* Debug */ = {
			isa = XCBuildConfiguration;
			buildSettings = {
				ASSETCATALOG_COMPILER_APPICON_NAME = AppIcon;
				INFOPLIST_FILE = CoffeeFindr/Info.plist;
				LD_RUNPATH_SEARCH_PATHS = "$(inherited) @executable_path/Frameworks";
				PRODUCT_BUNDLE_IDENTIFIER = io.nononsense.CoffeeFindr;
				PRODUCT_NAME = "$(TARGET_NAME)";
			};
			name = Debug;
		};
		81EE24AD1C41DEDA00284385 /* Release */ = {
			isa = XCBuildConfiguration;
			buildSettings = {
				ASSETCATALOG_COMPILER_APPICON_NAME = AppIcon;
				INFOPLIST_FILE = CoffeeFindr/Info.plist;
				LD_RUNPATH_SEARCH_PATHS = "$(inherited) @executable_path/Frameworks";
				PRODUCT_BUNDLE_IDENTIFIER = io.nononsense.CoffeeFindr;
				PRODUCT_NAME = "$(TARGET_NAME)";
			};
			name = Release;
		};
		81EE24AF1C41DEDA00284385 /* Debug */ = {
			isa = XCBuildConfiguration;
			buildSettings = {
				BUNDLE_LOADER = "$(TEST_HOST)";
				INFOPLIST_FILE = CoffeeFindrTests/Info.plist;
				LD_RUNPATH_SEARCH_PATHS = "$(inherited) @executable_path/Frameworks @loader_path/Frameworks";
				PRODUCT_BUNDLE_IDENTIFIER = io.nononsense.CoffeeFindrTests;
				PRODUCT_NAME = "$(TARGET_NAME)";
				TEST_HOST = "$(BUILT_PRODUCTS_DIR)/CoffeeFindr.app/CoffeeFindr";
			};
			name = Debug;
		};
		81EE24B01C41DEDA00284385 /* Release */ = {
			isa = XCBuildConfiguration;
			buildSettings = {
				BUNDLE_LOADER = "$(TEST_HOST)";
				INFOPLIST_FILE = CoffeeFindrTests/Info.plist;
				LD_RUNPATH_SEARCH_PATHS = "$(inherited) @executable_path/Frameworks @loader_path/Frameworks";
				PRODUCT_BUNDLE_IDENTIFIER = io.nononsense.CoffeeFindrTests;
				PRODUCT_NAME = "$(TARGET_NAME)";
				TEST_HOST = "$(BUILT_PRODUCTS_DIR)/CoffeeFindr.app/CoffeeFindr";
			};
			name = Release;
		};
		81EE24B21C41DEDA00284385 /* Debug */ = {
			isa = XCBuildConfiguration;
			buildSettings = {
				INFOPLIST_FILE = CoffeeFindrUITests/Info.plist;
				LD_RUNPATH_SEARCH_PATHS = "$(inherited) @executable_path/Frameworks @loader_path/Frameworks";
				PRODUCT_BUNDLE_IDENTIFIER = io.nononsense.CoffeeFindrUITests;
				PRODUCT_NAME = "$(TARGET_NAME)";
				TEST_TARGET_NAME = CoffeeFindr;
				USES_XCTRUNNER = YES;
			};
			name = Debug;
		};
		81EE24B31C41DEDA00284385 /* Release */ = {
			isa = XCBuildConfiguration;
			buildSettings = {
				INFOPLIST_FILE = CoffeeFindrUITests/Info.plist;
				LD_RUNPATH_SEARCH_PATHS = "$(inherited) @executable_path/Frameworks @loader_path/Frameworks";
				PRODUCT_BUNDLE_IDENTIFIER = io.nononsense.CoffeeFindrUITests;
				PRODUCT_NAME = "$(TARGET_NAME)";
				TEST_TARGET_NAME = CoffeeFindr;
				USES_XCTRUNNER = YES;
			};
			name = Release;
		};
/* End XCBuildConfiguration section */

/* Begin XCConfigurationList section */
		81EE24791C41DEDA00284385 /* Build configuration list for PBXProject "CoffeeFindr" */ = {
			isa = XCConfigurationList;
			buildConfigurations = (
				81EE24A91C41DEDA00284385 /* Debug */,
				81EE24AA1C41DEDA00284385 /* Release */,
			);
			defaultConfigurationIsVisible = 0;
			defaultConfigurationName = Release;
		};
		81EE24AB1C41DEDA00284385 /* Build configuration list for PBXNativeTarget "CoffeeFindr" */ = {
			isa = XCConfigurationList;
			buildConfigurations = (
				81EE24AC1C41DEDA00284385 /* Debug */,
				81EE24AD1C41DEDA00284385 /* Release */,
			);
			defaultConfigurationIsVisible = 0;
			defaultConfigurationName = Release;
		};
		81EE24AE1C41DEDA00284385 /* Build configuration list for PBXNativeTarget "CoffeeFindrTests" */ = {
			isa = XCConfigurationList;
			buildConfigurations = (
				81EE24AF1C41DEDA00284385 /* Debug */,
				81EE24B01C41DEDA00284385 /* Release */,
			);
			defaultConfigurationIsVisible = 0;
			defaultConfigurationName = Release;
		};
		81EE24B11C41DEDA00284385 /* Build configuration list for PBXNativeTarget "CoffeeFindrUITests" */ = {
			isa = XCConfigurationList;
			buildConfigurations = (
				81EE24B21C41DEDA00284385 /* Debug */,
				81EE24B31C41DEDA00284385 /* Release */,
			);
			defaultConfigurationIsVisible = 0;
			defaultConfigurationName = Release;
		};
/* End XCConfigurationList section */
	};
	rootObject = 81EE24761C41DEDA00284385 /* Project object */;
}
